
Microsoft Visual Studio Solution File, Format Version 12.00
# Visual Studio Version 17
VisualStudioVersion = 17.7.34031.279
MinimumVisualStudioVersion = 10.0.40219.1
Project("{FAE04EC0-301F-11D3-BF4B-00C04F79EFBC}") = "S1-Lab02 - Manejo de Clases", "S1-Lab02 - Manejo de Clases\S1-Lab02 - Manejo de Clases.csproj", "{55627819-91C6-44EF-A8BC-8065A9F1802D}"
EndProject
Global
	GlobalSection(SolutionConfigurationPlatforms) = preSolution
		Debug|Any CPU = Debug|Any CPU
		Release|Any CPU = Release|Any CPU
	EndGlobalSection
	GlobalSection(ProjectConfigurationPlatforms) = postSolution
		{55627819-91C6-44EF-A8BC-8065A9F1802D}.Debug|Any CPU.ActiveCfg = Debug|Any CPU
		{55627819-91C6-44EF-A8BC-8065A9F1802D}.Debug|Any CPU.Build.0 = Debug|Any CPU
		{55627819-91C6-44EF-A8BC-8065A9F1802D}.Release|Any CPU.ActiveCfg = Release|Any CPU
		{55627819-91C6-44EF-A8BC-8065A9F1802D}.Release|Any CPU.Build.0 = Release|Any CPU
	EndGlobalSection
	GlobalSection(SolutionProperties) = preSolution
		HideSolutionNode = FALSE
	EndGlobalSection
	GlobalSection(ExtensibilityGlobals) = postSolution
		SolutionGuid = {B93437C9-7298-4661-AA12-79EE181FFA27}
	EndGlobalSection
EndGlobal
